
Microsoft Visual Studio Solution File, Format Version 12.00
# Visual Studio Version 17
VisualStudioVersion = 17.8.34316.72
MinimumVisualStudioVersion = 10.0.40219.1
Project("{9A19103F-16F7-4668-BE54-9A1E7A4F7556}") = "ExtractInfoFromPage", "ExtractInfoFromPage\ExtractInfoFromPage.csproj", "{65C30A89-7607-415F-872A-E7BC90DC08E8}"
EndProject
Project("{9A19103F-16F7-4668-BE54-9A1E7A4F7556}") = "ExtractInfoAmazon", "ExtractInfoAmazon\ExtractInfoAmazon.csproj", "{2ADABCB4-58BB-4413-809D-32A3D394F8D3}"
EndProject
Global
	GlobalSection(SolutionConfigurationPlatforms) = preSolution
		Debug|Any CPU = Debug|Any CPU
		Release|Any CPU = Release|Any CPU
	EndGlobalSection
	GlobalSection(ProjectConfigurationPlatforms) = postSolution
		{65C30A89-7607-415F-872A-E7BC90DC08E8}.Debug|Any CPU.ActiveCfg = Debug|Any CPU
		{65C30A89-7607-415F-872A-E7BC90DC08E8}.Debug|Any CPU.Build.0 = Debug|Any CPU
		{65C30A89-7607-415F-872A-E7BC90DC08E8}.Release|Any CPU.ActiveCfg = Release|Any CPU
		{65C30A89-7607-415F-872A-E7BC90DC08E8}.Release|Any CPU.Build.0 = Release|Any CPU
		{2ADABCB4-58BB-4413-809D-32A3D394F8D3}.Debug|Any CPU.ActiveCfg = Debug|Any CPU
		{2ADABCB4-58BB-4413-809D-32A3D394F8D3}.Debug|Any CPU.Build.0 = Debug|Any CPU
		{2ADABCB4-58BB-4413-809D-32A3D394F8D3}.Release|Any CPU.ActiveCfg = Release|Any CPU
		{2ADABCB4-58BB-4413-809D-32A3D394F8D3}.Release|Any CPU.Build.0 = Release|Any CPU
	EndGlobalSection
	GlobalSection(SolutionProperties) = preSolution
		HideSolutionNode = FALSE
	EndGlobalSection
	GlobalSection(ExtensibilityGlobals) = postSolution
		SolutionGuid = {62214EC0-871C-4973-AAD2-0B0491979B4A}
	EndGlobalSection
EndGlobal
